
Microsoft Visual Studio Solution File, Format Version 12.00
# Visual Studio Version 16
VisualStudioVersion = 16.0.30225.117
MinimumVisualStudioVersion = 10.0.40219.1
Project("{FAE04EC0-301F-11D3-BF4B-00C04F79EFBC}") = "WindowsFormsApp1", "WindowsFormsApp1.csproj", "{324781E7-D354-415E-A801-C5A99A2F524E}"
EndProject
Global
	GlobalSection(SolutionConfigurationPlatforms) = preSolution
		Debug|Any CPU = Debug|Any CPU
		Release|Any CPU = Release|Any CPU
	EndGlobalSection
	GlobalSection(ProjectConfigurationPlatforms) = postSolution
		{324781E7-D354-415E-A801-C5A99A2F524E}.Debug|Any CPU.ActiveCfg = Debug|Any CPU
		{324781E7-D354-415E-A801-C5A99A2F524E}.Debug|Any CPU.Build.0 = Debug|Any CPU
		{324781E7-D354-415E-A801-C5A99A2F524E}.Release|Any CPU.ActiveCfg = Release|Any CPU
		{324781E7-D354-415E-A801-C5A99A2F524E}.Release|Any CPU.Build.0 = Release|Any CPU
	EndGlobalSection
	GlobalSection(SolutionProperties) = preSolution
		HideSolutionNode = FALSE
	EndGlobalSection
	GlobalSection(ExtensibilityGlobals) = postSolution
		SolutionGuid = {785238CC-0017-428E-9DB7-ADEA0B9643B8}
	EndGlobalSection
EndGlobal
